
Microsoft Visual Studio Solution File, Format Version 12.00
# Visual Studio 15
VisualStudioVersion = 15.0.28307.757
MinimumVisualStudioVersion = 10.0.40219.1
Project("{8BC9CEB8-8B4A-11D0-8D11-00A0C91BC942}") = "DirectX10StudyProject", "DirectX10StudyProject\DirectX10StudyProject.vcxproj", "{99DAF71A-F4CE-46D0-A4B1-19CFBAA180CD}"
EndProject
Global
	GlobalSection(SolutionConfigurationPlatforms) = preSolution
		Debug|x64 = Debug|x64
		Debug|x86 = Debug|x86
		Release|x64 = Release|x64
		Release|x86 = Release|x86
	EndGlobalSection
	GlobalSection(ProjectConfigurationPlatforms) = postSolution
		{99DAF71A-F4CE-46D0-A4B1-19CFBAA180CD}.Debug|x64.ActiveCfg = Debug|x64
		{99DAF71A-F4CE-46D0-A4B1-19CFBAA180CD}.Debug|x64.Build.0 = Debug|x64
		{99DAF71A-F4CE-46D0-A4B1-19CFBAA180CD}.Debug|x86.ActiveCfg = Debug|Win32
		{99DAF71A-F4CE-46D0-A4B1-19CFBAA180CD}.Debug|x86.Build.0 = Debug|Win32
		{99DAF71A-F4CE-46D0-A4B1-19CFBAA180CD}.Release|x64.ActiveCfg = Release|x64
		{99DAF71A-F4CE-46D0-A4B1-19CFBAA180CD}.Release|x64.Build.0 = Release|x64
		{99DAF71A-F4CE-46D0-A4B1-19CFBAA180CD}.Release|x86.ActiveCfg = Release|Win32
		{99DAF71A-F4CE-46D0-A4B1-19CFBAA180CD}.Release|x86.Build.0 = Release|Win32
	EndGlobalSection
	GlobalSection(SolutionProperties) = preSolution
		HideSolutionNode = FALSE
	EndGlobalSection
	GlobalSection(ExtensibilityGlobals) = postSolution
		SolutionGuid = {06B484B9-8B14-49A0-98B1-5B9B11D8F840}
	EndGlobalSection
EndGlobal
